
Microsoft Visual Studio Solution File, Format Version 12.00
# Visual Studio 15
VisualStudioVersion = 15.0.28307.1622
MinimumVisualStudioVersion = 10.0.40219.1
Project("{FAE04EC0-301F-11D3-BF4B-00C04F79EFBC}") = "Horloge", "Horloge\Horloge.csproj", "{C6D1F6F4-B00B-4667-9BFB-94DAC894C2F8}"
	ProjectSection(ProjectDependencies) = postProject
		{CD0E206E-3300-43D3-838E-1FDCA9D0E687} = {CD0E206E-3300-43D3-838E-1FDCA9D0E687}
	EndProjectSection
EndProject
Project("{FAE04EC0-301F-11D3-BF4B-00C04F79EFBC}") = "Pixel", "Pixel\Pixel.csproj", "{63D5027D-0235-40EB-94D3-3AB7E1C3DAA4}"
EndProject
Project("{FAE04EC0-301F-11D3-BF4B-00C04F79EFBC}") = "DisplayFont", "DisplayFont\DisplayFont.csproj", "{CD0E206E-3300-43D3-838E-1FDCA9D0E687}"
EndProject
Project("{FAE04EC0-301F-11D3-BF4B-00C04F79EFBC}") = "Monorail", "Monorail\Monorail.csproj", "{C79642D5-478E-4033-8B1D-1C4C22230D02}"
EndProject
Project("{FAE04EC0-301F-11D3-BF4B-00C04F79EFBC}") = "Microbit", "Microbit\Microbit.csproj", "{8795ECE0-0C71-4825-9765-6F01438E07F2}"
EndProject
Project("{FAE04EC0-301F-11D3-BF4B-00C04F79EFBC}") = "Manege", "Manege\Manege.csproj", "{69EC5765-E97F-4CF7-8BBD-7FBBAC2197E4}"
EndProject
Project("{FAE04EC0-301F-11D3-BF4B-00C04F79EFBC}") = "Bluetooth", "Bluetooth\Bluetooth.csproj", "{2C7499CD-CFCC-40B8-A0C7-4C69B584CE16}"
EndProject
Project("{FAE04EC0-301F-11D3-BF4B-00C04F79EFBC}") = "Gigabyte", "Gigabyte\Gigabyte.csproj", "{13AF1259-2009-4418-B979-E47F62639531}"
EndProject
Global
	GlobalSection(SolutionConfigurationPlatforms) = preSolution
		Debug|Any CPU = Debug|Any CPU
		Debug|ARM = Debug|ARM
		Debug|ARM64 = Debug|ARM64
		Debug|x64 = Debug|x64
		Debug|x86 = Debug|x86
		Release|Any CPU = Release|Any CPU
		Release|ARM = Release|ARM
		Release|ARM64 = Release|ARM64
		Release|x64 = Release|x64
		Release|x86 = Release|x86
	EndGlobalSection
	GlobalSection(ProjectConfigurationPlatforms) = postSolution
		{C6D1F6F4-B00B-4667-9BFB-94DAC894C2F8}.Debug|Any CPU.ActiveCfg = Debug|x86
		{C6D1F6F4-B00B-4667-9BFB-94DAC894C2F8}.Debug|ARM.ActiveCfg = Debug|ARM
		{C6D1F6F4-B00B-4667-9BFB-94DAC894C2F8}.Debug|ARM.Build.0 = Debug|ARM
		{C6D1F6F4-B00B-4667-9BFB-94DAC894C2F8}.Debug|ARM.Deploy.0 = Debug|ARM
		{C6D1F6F4-B00B-4667-9BFB-94DAC894C2F8}.Debug|ARM64.ActiveCfg = Debug|ARM64
		{C6D1F6F4-B00B-4667-9BFB-94DAC894C2F8}.Debug|ARM64.Build.0 = Debug|ARM64
		{C6D1F6F4-B00B-4667-9BFB-94DAC894C2F8}.Debug|ARM64.Deploy.0 = Debug|ARM64
		{C6D1F6F4-B00B-4667-9BFB-94DAC894C2F8}.Debug|x64.ActiveCfg = Debug|x64
		{C6D1F6F4-B00B-4667-9BFB-94DAC894C2F8}.Debug|x64.Build.0 = Debug|x64
		{C6D1F6F4-B00B-4667-9BFB-94DAC894C2F8}.Debug|x64.Deploy.0 = Debug|x64
		{C6D1F6F4-B00B-4667-9BFB-94DAC894C2F8}.Debug|x86.ActiveCfg = Debug|ARM
		{C6D1F6F4-B00B-4667-9BFB-94DAC894C2F8}.Debug|x86.Build.0 = Debug|ARM
		{C6D1F6F4-B00B-4667-9BFB-94DAC894C2F8}.Debug|x86.Deploy.0 = Debug|ARM
		{C6D1F6F4-B00B-4667-9BFB-94DAC894C2F8}.Release|Any CPU.ActiveCfg = Release|x86
		{C6D1F6F4-B00B-4667-9BFB-94DAC894C2F8}.Release|ARM.ActiveCfg = Release|ARM
		{C6D1F6F4-B00B-4667-9BFB-94DAC894C2F8}.Release|ARM.Build.0 = Release|ARM
		{C6D1F6F4-B00B-4667-9BFB-94DAC894C2F8}.Release|ARM.Deploy.0 = Release|ARM
		{C6D1F6F4-B00B-4667-9BFB-94DAC894C2F8}.Release|ARM64.ActiveCfg = Release|ARM64
		{C6D1F6F4-B00B-4667-9BFB-94DAC894C2F8}.Release|ARM64.Build.0 = Release|ARM64
		{C6D1F6F4-B00B-4667-9BFB-94DAC894C2F8}.Release|ARM64.Deploy.0 = Release|ARM64
		{C6D1F6F4-B00B-4667-9BFB-94DAC894C2F8}.Release|x64.ActiveCfg = Release|x64
		{C6D1F6F4-B00B-4667-9BFB-94DAC894C2F8}.Release|x64.Build.0 = Release|x64
		{C6D1F6F4-B00B-4667-9BFB-94DAC894C2F8}.Release|x64.Deploy.0 = Release|x64
		{C6D1F6F4-B00B-4667-9BFB-94DAC894C2F8}.Release|x86.ActiveCfg = Release|x86
		{C6D1F6F4-B00B-4667-9BFB-94DAC894C2F8}.Release|x86.Build.0 = Release|x86
		{C6D1F6F4-B00B-4667-9BFB-94DAC894C2F8}.Release|x86.Deploy.0 = Release|x86
		{63D5027D-0235-40EB-94D3-3AB7E1C3DAA4}.Debug|Any CPU.ActiveCfg = Debug|x86
		{63D5027D-0235-40EB-94D3-3AB7E1C3DAA4}.Debug|ARM.ActiveCfg = Debug|x64
		{63D5027D-0235-40EB-94D3-3AB7E1C3DAA4}.Debug|ARM.Build.0 = Debug|x64
		{63D5027D-0235-40EB-94D3-3AB7E1C3DAA4}.Debug|ARM.Deploy.0 = Debug|x64
		{63D5027D-0235-40EB-94D3-3AB7E1C3DAA4}.Debug|ARM64.ActiveCfg = Debug|ARM64
		{63D5027D-0235-40EB-94D3-3AB7E1C3DAA4}.Debug|ARM64.Build.0 = Debug|ARM64
		{63D5027D-0235-40EB-94D3-3AB7E1C3DAA4}.Debug|ARM64.Deploy.0 = Debug|ARM64
		{63D5027D-0235-40EB-94D3-3AB7E1C3DAA4}.Debug|x64.ActiveCfg = Debug|x64
		{63D5027D-0235-40EB-94D3-3AB7E1C3DAA4}.Debug|x64.Build.0 = Debug|x64
		{63D5027D-0235-40EB-94D3-3AB7E1C3DAA4}.Debug|x64.Deploy.0 = Debug|x64
		{63D5027D-0235-40EB-94D3-3AB7E1C3DAA4}.Debug|x86.ActiveCfg = Debug|x86
		{63D5027D-0235-40EB-94D3-3AB7E1C3DAA4}.Debug|x86.Build.0 = Debug|x86
		{63D5027D-0235-40EB-94D3-3AB7E1C3DAA4}.Debug|x86.Deploy.0 = Debug|x86
		{63D5027D-0235-40EB-94D3-3AB7E1C3DAA4}.Release|Any CPU.ActiveCfg = Release|x86
		{63D5027D-0235-40EB-94D3-3AB7E1C3DAA4}.Release|ARM.ActiveCfg = Release|ARM
		{63D5027D-0235-40EB-94D3-3AB7E1C3DAA4}.Release|ARM.Build.0 = Release|ARM
		{63D5027D-0235-40EB-94D3-3AB7E1C3DAA4}.Release|ARM.Deploy.0 = Release|ARM
		{63D5027D-0235-40EB-94D3-3AB7E1C3DAA4}.Release|ARM64.ActiveCfg = Release|ARM64
		{63D5027D-0235-40EB-94D3-3AB7E1C3DAA4}.Release|ARM64.Build.0 = Release|ARM64
		{63D5027D-0235-40EB-94D3-3AB7E1C3DAA4}.Release|ARM64.Deploy.0 = Release|ARM64
		{63D5027D-0235-40EB-94D3-3AB7E1C3DAA4}.Release|x64.ActiveCfg = Release|x64
		{63D5027D-0235-40EB-94D3-3AB7E1C3DAA4}.Release|x64.Build.0 = Release|x64
		{63D5027D-0235-40EB-94D3-3AB7E1C3DAA4}.Release|x64.Deploy.0 = Release|x64
		{63D5027D-0235-40EB-94D3-3AB7E1C3DAA4}.Release|x86.ActiveCfg = Release|x86
		{63D5027D-0235-40EB-94D3-3AB7E1C3DAA4}.Release|x86.Build.0 = Release|x86
		{63D5027D-0235-40EB-94D3-3AB7E1C3DAA4}.Release|x86.Deploy.0 = Release|x86
		{CD0E206E-3300-43D3-838E-1FDCA9D0E687}.Debug|Any CPU.ActiveCfg = Debug|Any CPU
		{CD0E206E-3300-43D3-838E-1FDCA9D0E687}.Debug|Any CPU.Build.0 = Debug|Any CPU
		{CD0E206E-3300-43D3-838E-1FDCA9D0E687}.Debug|ARM.ActiveCfg = Debug|Any CPU
		{CD0E206E-3300-43D3-838E-1FDCA9D0E687}.Debug|ARM.Build.0 = Debug|Any CPU
		{CD0E206E-3300-43D3-838E-1FDCA9D0E687}.Debug|ARM64.ActiveCfg = Debug|ARM64
		{CD0E206E-3300-43D3-838E-1FDCA9D0E687}.Debug|ARM64.Build.0 = Debug|ARM64
		{CD0E206E-3300-43D3-838E-1FDCA9D0E687}.Debug|x64.ActiveCfg = Debug|x64
		{CD0E206E-3300-43D3-838E-1FDCA9D0E687}.Debug|x64.Build.0 = Debug|x64
		{CD0E206E-3300-43D3-838E-1FDCA9D0E687}.Debug|x86.ActiveCfg = Debug|Any CPU
		{CD0E206E-3300-43D3-838E-1FDCA9D0E687}.Debug|x86.Build.0 = Debug|Any CPU
		{CD0E206E-3300-43D3-838E-1FDCA9D0E687}.Release|Any CPU.ActiveCfg = Release|Any CPU
		{CD0E206E-3300-43D3-838E-1FDCA9D0E687}.Release|Any CPU.Build.0 = Release|Any CPU
		{CD0E206E-3300-43D3-838E-1FDCA9D0E687}.Release|ARM.ActiveCfg = Release|ARM
		{CD0E206E-3300-43D3-838E-1FDCA9D0E687}.Release|ARM.Build.0 = Release|ARM
		{CD0E206E-3300-43D3-838E-1FDCA9D0E687}.Release|ARM64.ActiveCfg = Release|ARM64
		{CD0E206E-3300-43D3-838E-1FDCA9D0E687}.Release|ARM64.Build.0 = Release|ARM64
		{CD0E206E-3300-43D3-838E-1FDCA9D0E687}.Release|x64.ActiveCfg = Release|x64
		{CD0E206E-3300-43D3-838E-1FDCA9D0E687}.Release|x64.Build.0 = Release|x64
		{CD0E206E-3300-43D3-838E-1FDCA9D0E687}.Release|x86.ActiveCfg = Release|x86
		{CD0E206E-3300-43D3-838E-1FDCA9D0E687}.Release|x86.Build.0 = Release|x86
		{C79642D5-478E-4033-8B1D-1C4C22230D02}.Debug|Any CPU.ActiveCfg = Debug|x86
		{C79642D5-478E-4033-8B1D-1C4C22230D02}.Debug|ARM.ActiveCfg = Debug|ARM
		{C79642D5-478E-4033-8B1D-1C4C22230D02}.Debug|ARM.Build.0 = Debug|ARM
		{C79642D5-478E-4033-8B1D-1C4C22230D02}.Debug|ARM.Deploy.0 = Debug|ARM
		{C79642D5-478E-4033-8B1D-1C4C22230D02}.Debug|ARM64.ActiveCfg = Debug|ARM64
		{C79642D5-478E-4033-8B1D-1C4C22230D02}.Debug|ARM64.Build.0 = Debug|ARM64
		{C79642D5-478E-4033-8B1D-1C4C22230D02}.Debug|ARM64.Deploy.0 = Debug|ARM64
		{C79642D5-478E-4033-8B1D-1C4C22230D02}.Debug|x64.ActiveCfg = Debug|x64
		{C79642D5-478E-4033-8B1D-1C4C22230D02}.Debug|x64.Build.0 = Debug|x64
		{C79642D5-478E-4033-8B1D-1C4C22230D02}.Debug|x64.Deploy.0 = Debug|x64
		{C79642D5-478E-4033-8B1D-1C4C22230D02}.Debug|x86.ActiveCfg = Debug|ARM
		{C79642D5-478E-4033-8B1D-1C4C22230D02}.Debug|x86.Build.0 = Debug|ARM
		{C79642D5-478E-4033-8B1D-1C4C22230D02}.Debug|x86.Deploy.0 = Debug|ARM
		{C79642D5-478E-4033-8B1D-1C4C22230D02}.Release|Any CPU.ActiveCfg = Release|x86
		{C79642D5-478E-4033-8B1D-1C4C22230D02}.Release|ARM.ActiveCfg = Release|ARM
		{C79642D5-478E-4033-8B1D-1C4C22230D02}.Release|ARM.Build.0 = Release|ARM
		{C79642D5-478E-4033-8B1D-1C4C22230D02}.Release|ARM.Deploy.0 = Release|ARM
		{C79642D5-478E-4033-8B1D-1C4C22230D02}.Release|ARM64.ActiveCfg = Release|ARM64
		{C79642D5-478E-4033-8B1D-1C4C22230D02}.Release|ARM64.Build.0 = Release|ARM64
		{C79642D5-478E-4033-8B1D-1C4C22230D02}.Release|ARM64.Deploy.0 = Release|ARM64
		{C79642D5-478E-4033-8B1D-1C4C22230D02}.Release|x64.ActiveCfg = Release|x64
		{C79642D5-478E-4033-8B1D-1C4C22230D02}.Release|x64.Build.0 = Release|x64
		{C79642D5-478E-4033-8B1D-1C4C22230D02}.Release|x64.Deploy.0 = Release|x64
		{C79642D5-478E-4033-8B1D-1C4C22230D02}.Release|x86.ActiveCfg = Release|x86
		{C79642D5-478E-4033-8B1D-1C4C22230D02}.Release|x86.Build.0 = Release|x86
		{C79642D5-478E-4033-8B1D-1C4C22230D02}.Release|x86.Deploy.0 = Release|x86
		{8795ECE0-0C71-4825-9765-6F01438E07F2}.Debug|Any CPU.ActiveCfg = Debug|x86
		{8795ECE0-0C71-4825-9765-6F01438E07F2}.Debug|ARM.ActiveCfg = Debug|ARM
		{8795ECE0-0C71-4825-9765-6F01438E07F2}.Debug|ARM.Build.0 = Debug|ARM
		{8795ECE0-0C71-4825-9765-6F01438E07F2}.Debug|ARM.Deploy.0 = Debug|ARM
		{8795ECE0-0C71-4825-9765-6F01438E07F2}.Debug|ARM64.ActiveCfg = Debug|ARM64
		{8795ECE0-0C71-4825-9765-6F01438E07F2}.Debug|ARM64.Build.0 = Debug|ARM64
		{8795ECE0-0C71-4825-9765-6F01438E07F2}.Debug|ARM64.Deploy.0 = Debug|ARM64
		{8795ECE0-0C71-4825-9765-6F01438E07F2}.Debug|x64.ActiveCfg = Debug|x64
		{8795ECE0-0C71-4825-9765-6F01438E07F2}.Debug|x64.Build.0 = Debug|x64
		{8795ECE0-0C71-4825-9765-6F01438E07F2}.Debug|x64.Deploy.0 = Debug|x64
		{8795ECE0-0C71-4825-9765-6F01438E07F2}.Debug|x86.ActiveCfg = Debug|x86
		{8795ECE0-0C71-4825-9765-6F01438E07F2}.Debug|x86.Build.0 = Debug|x86
		{8795ECE0-0C71-4825-9765-6F01438E07F2}.Debug|x86.Deploy.0 = Debug|x86
		{8795ECE0-0C71-4825-9765-6F01438E07F2}.Release|Any CPU.ActiveCfg = Release|x86
		{8795ECE0-0C71-4825-9765-6F01438E07F2}.Release|ARM.ActiveCfg = Release|ARM
		{8795ECE0-0C71-4825-9765-6F01438E07F2}.Release|ARM.Build.0 = Release|ARM
		{8795ECE0-0C71-4825-9765-6F01438E07F2}.Release|ARM.Deploy.0 = Release|ARM
		{8795ECE0-0C71-4825-9765-6F01438E07F2}.Release|ARM64.ActiveCfg = Release|ARM64
		{8795ECE0-0C71-4825-9765-6F01438E07F2}.Release|ARM64.Build.0 = Release|ARM64
		{8795ECE0-0C71-4825-9765-6F01438E07F2}.Release|ARM64.Deploy.0 = Release|ARM64
		{8795ECE0-0C71-4825-9765-6F01438E07F2}.Release|x64.ActiveCfg = Release|x64
		{8795ECE0-0C71-4825-9765-6F01438E07F2}.Release|x64.Build.0 = Release|x64
		{8795ECE0-0C71-4825-9765-6F01438E07F2}.Release|x64.Deploy.0 = Release|x64
		{8795ECE0-0C71-4825-9765-6F01438E07F2}.Release|x86.ActiveCfg = Release|x86
		{8795ECE0-0C71-4825-9765-6F01438E07F2}.Release|x86.Build.0 = Release|x86
		{8795ECE0-0C71-4825-9765-6F01438E07F2}.Release|x86.Deploy.0 = Release|x86
		{69EC5765-E97F-4CF7-8BBD-7FBBAC2197E4}.Debug|Any CPU.ActiveCfg = Debug|x86
		{69EC5765-E97F-4CF7-8BBD-7FBBAC2197E4}.Debug|ARM.ActiveCfg = Debug|ARM
		{69EC5765-E97F-4CF7-8BBD-7FBBAC2197E4}.Debug|ARM.Build.0 = Debug|ARM
		{69EC5765-E97F-4CF7-8BBD-7FBBAC2197E4}.Debug|ARM.Deploy.0 = Debug|ARM
		{69EC5765-E97F-4CF7-8BBD-7FBBAC2197E4}.Debug|ARM64.ActiveCfg = Debug|ARM64
		{69EC5765-E97F-4CF7-8BBD-7FBBAC2197E4}.Debug|ARM64.Build.0 = Debug|ARM64
		{69EC5765-E97F-4CF7-8BBD-7FBBAC2197E4}.Debug|ARM64.Deploy.0 = Debug|ARM64
		{69EC5765-E97F-4CF7-8BBD-7FBBAC2197E4}.Debug|x64.ActiveCfg = Debug|x64
		{69EC5765-E97F-4CF7-8BBD-7FBBAC2197E4}.Debug|x64.Build.0 = Debug|x64
		{69EC5765-E97F-4CF7-8BBD-7FBBAC2197E4}.Debug|x64.Deploy.0 = Debug|x64
		{69EC5765-E97F-4CF7-8BBD-7FBBAC2197E4}.Debug|x86.ActiveCfg = Debug|x86
		{69EC5765-E97F-4CF7-8BBD-7FBBAC2197E4}.Debug|x86.Build.0 = Debug|x86
		{69EC5765-E97F-4CF7-8BBD-7FBBAC2197E4}.Debug|x86.Deploy.0 = Debug|x86
		{69EC5765-E97F-4CF7-8BBD-7FBBAC2197E4}.Release|Any CPU.ActiveCfg = Release|x86
		{69EC5765-E97F-4CF7-8BBD-7FBBAC2197E4}.Release|ARM.ActiveCfg = Release|ARM
		{69EC5765-E97F-4CF7-8BBD-7FBBAC2197E4}.Release|ARM.Build.0 = Release|ARM
		{69EC5765-E97F-4CF7-8BBD-7FBBAC2197E4}.Release|ARM.Deploy.0 = Release|ARM
		{69EC5765-E97F-4CF7-8BBD-7FBBAC2197E4}.Release|ARM64.ActiveCfg = Release|ARM64
		{69EC5765-E97F-4CF7-8BBD-7FBBAC2197E4}.Release|ARM64.Build.0 = Release|ARM64
		{69EC5765-E97F-4CF7-8BBD-7FBBAC2197E4}.Release|ARM64.Deploy.0 = Release|ARM64
		{69EC5765-E97F-4CF7-8BBD-7FBBAC2197E4}.Release|x64.ActiveCfg = Release|x64
		{69EC5765-E97F-4CF7-8BBD-7FBBAC2197E4}.Release|x64.Build.0 = Release|x64
		{69EC5765-E97F-4CF7-8BBD-7FBBAC2197E4}.Release|x64.Deploy.0 = Release|x64
		{69EC5765-E97F-4CF7-8BBD-7FBBAC2197E4}.Release|x86.ActiveCfg = Release|x86
		{69EC5765-E97F-4CF7-8BBD-7FBBAC2197E4}.Release|x86.Build.0 = Release|x86
		{69EC5765-E97F-4CF7-8BBD-7FBBAC2197E4}.Release|x86.Deploy.0 = Release|x86
		{2C7499CD-CFCC-40B8-A0C7-4C69B584CE16}.Debug|Any CPU.ActiveCfg = Debug|x86
		{2C7499CD-CFCC-40B8-A0C7-4C69B584CE16}.Debug|ARM.ActiveCfg = Debug|ARM
		{2C7499CD-CFCC-40B8-A0C7-4C69B584CE16}.Debug|ARM.Build.0 = Debug|ARM
		{2C7499CD-CFCC-40B8-A0C7-4C69B584CE16}.Debug|ARM.Deploy.0 = Debug|ARM
		{2C7499CD-CFCC-40B8-A0C7-4C69B584CE16}.Debug|ARM64.ActiveCfg = Debug|ARM64
		{2C7499CD-CFCC-40B8-A0C7-4C69B584CE16}.Debug|ARM64.Build.0 = Debug|ARM64
		{2C7499CD-CFCC-40B8-A0C7-4C69B584CE16}.Debug|ARM64.Deploy.0 = Debug|ARM64
		{2C7499CD-CFCC-40B8-A0C7-4C69B584CE16}.Debug|x64.ActiveCfg = Debug|x64
		{2C7499CD-CFCC-40B8-A0C7-4C69B584CE16}.Debug|x64.Build.0 = Debug|x64
		{2C7499CD-CFCC-40B8-A0C7-4C69B584CE16}.Debug|x64.Deploy.0 = Debug|x64
		{2C7499CD-CFCC-40B8-A0C7-4C69B584CE16}.Debug|x86.ActiveCfg = Debug|x86
		{2C7499CD-CFCC-40B8-A0C7-4C69B584CE16}.Debug|x86.Build.0 = Debug|x86
		{2C7499CD-CFCC-40B8-A0C7-4C69B584CE16}.Debug|x86.Deploy.0 = Debug|x86
		{2C7499CD-CFCC-40B8-A0C7-4C69B584CE16}.Release|Any CPU.ActiveCfg = Release|x86
		{2C7499CD-CFCC-40B8-A0C7-4C69B584CE16}.Release|ARM.ActiveCfg = Release|ARM
		{2C7499CD-CFCC-40B8-A0C7-4C69B584CE16}.Release|ARM.Build.0 = Release|ARM
		{2C7499CD-CFCC-40B8-A0C7-4C69B584CE16}.Release|ARM.Deploy.0 = Release|ARM
		{2C7499CD-CFCC-40B8-A0C7-4C69B584CE16}.Release|ARM64.ActiveCfg = Release|ARM64
		{2C7499CD-CFCC-40B8-A0C7-4C69B584CE16}.Release|ARM64.Build.0 = Release|ARM64
		{2C7499CD-CFCC-40B8-A0C7-4C69B584CE16}.Release|ARM64.Deploy.0 = Release|ARM64
		{2C7499CD-CFCC-40B8-A0C7-4C69B584CE16}.Release|x64.ActiveCfg = Release|x64
		{2C7499CD-CFCC-40B8-A0C7-4C69B584CE16}.Release|x64.Build.0 = Release|x64
		{2C7499CD-CFCC-40B8-A0C7-4C69B584CE16}.Release|x64.Deploy.0 = Release|x64
		{2C7499CD-CFCC-40B8-A0C7-4C69B584CE16}.Release|x86.ActiveCfg = Release|x86
		{2C7499CD-CFCC-40B8-A0C7-4C69B584CE16}.Release|x86.Build.0 = Release|x86
		{2C7499CD-CFCC-40B8-A0C7-4C69B584CE16}.Release|x86.Deploy.0 = Release|x86
		{13AF1259-2009-4418-B979-E47F62639531}.Debug|Any CPU.ActiveCfg = Debug|x86
		{13AF1259-2009-4418-B979-E47F62639531}.Debug|ARM.ActiveCfg = Debug|ARM
		{13AF1259-2009-4418-B979-E47F62639531}.Debug|ARM.Build.0 = Debug|ARM
		{13AF1259-2009-4418-B979-E47F62639531}.Debug|ARM.Deploy.0 = Debug|ARM
		{13AF1259-2009-4418-B979-E47F62639531}.Debug|ARM64.ActiveCfg = Debug|ARM64
		{13AF1259-2009-4418-B979-E47F62639531}.Debug|ARM64.Build.0 = Debug|ARM64
		{13AF1259-2009-4418-B979-E47F62639531}.Debug|ARM64.Deploy.0 = Debug|ARM64
		{13AF1259-2009-4418-B979-E47F62639531}.Debug|x64.ActiveCfg = Debug|x64
		{13AF1259-2009-4418-B979-E47F62639531}.Debug|x64.Build.0 = Debug|x64
		{13AF1259-2009-4418-B979-E47F62639531}.Debug|x64.Deploy.0 = Debug|x64
		{13AF1259-2009-4418-B979-E47F62639531}.Debug|x86.ActiveCfg = Debug|x86
		{13AF1259-2009-4418-B979-E47F62639531}.Debug|x86.Build.0 = Debug|x86
		{13AF1259-2009-4418-B979-E47F62639531}.Debug|x86.Deploy.0 = Debug|x86
		{13AF1259-2009-4418-B979-E47F62639531}.Release|Any CPU.ActiveCfg = Release|x86
		{13AF1259-2009-4418-B979-E47F62639531}.Release|ARM.ActiveCfg = Release|ARM
		{13AF1259-2009-4418-B979-E47F62639531}.Release|ARM.Build.0 = Release|ARM
		{13AF1259-2009-4418-B979-E47F62639531}.Release|ARM.Deploy.0 = Release|ARM
		{13AF1259-2009-4418-B979-E47F62639531}.Release|ARM64.ActiveCfg = Release|ARM64
		{13AF1259-2009-4418-B979-E47F62639531}.Release|ARM64.Build.0 = Release|ARM64
		{13AF1259-2009-4418-B979-E47F62639531}.Release|ARM64.Deploy.0 = Release|ARM64
		{13AF1259-2009-4418-B979-E47F62639531}.Release|x64.ActiveCfg = Release|x64
		{13AF1259-2009-4418-B979-E47F62639531}.Release|x64.Build.0 = Release|x64
		{13AF1259-2009-4418-B979-E47F62639531}.Release|x64.Deploy.0 = Release|x64
		{13AF1259-2009-4418-B979-E47F62639531}.Release|x86.ActiveCfg = Release|x86
		{13AF1259-2009-4418-B979-E47F62639531}.Release|x86.Build.0 = Release|x86
		{13AF1259-2009-4418-B979-E47F62639531}.Release|x86.Deploy.0 = Release|x86
	EndGlobalSection
	GlobalSection(SolutionProperties) = preSolution
		HideSolutionNode = FALSE
	EndGlobalSection
	GlobalSection(ExtensibilityGlobals) = postSolution
		SolutionGuid = {B783FC2B-5CD8-45E2-B82D-CD59807042A7}
	EndGlobalSection
EndGlobal
